{
    "_readme": [
        "This file locks the dependencies of your project to a known state",
        "Read more about it at https://getcomposer.org/doc/01-basic-usage.md#installing-dependencies",
        "This file is @generated automatically"
    ],
    "content-hash": "68c66d059acf946eab4d1c616827a1e2",
    "packages": [
        {
            "name": "mindplay/php-vite",
            "version": "dev-master",
            "source": {
                "type": "git",
                "url": "git@github.com:mindplay-dk/php-vite.git",
                "reference": "766ad16657bf04b2e45f0b0c72ac1460935ac09c"
            },
            "dist": {
                "type": "zip",
                "url": "https://api.github.com/repos/mindplay-dk/php-vite/zipball/766ad16657bf04b2e45f0b0c72ac1460935ac09c",
                "reference": "766ad16657bf04b2e45f0b0c72ac1460935ac09c",
                "shasum": ""
            },
            "require-dev": {
                "mindplay/testies": "^1.1"
            },
            "default-branch": true,
            "type": "library",
            "autoload": {
                "psr-4": {
                    "mindplay\\vite\\": "src/"
                }
            },
            "scripts": {
                "test": [
                    "php test/test.php"
                ]
            },
            "support": {
                "source": "https://github.com/mindplay-dk/php-vite/tree/master",
                "issues": "https://github.com/mindplay-dk/php-vite/issues"
            },
            "time": "2024-05-04T07:57:16+00:00"
        }
    ],
    "packages-dev": [],
    "aliases": [],
    "minimum-stability": "stable",
    "stability-flags": {
        "mindplay/php-vite": 20
    },
    "prefer-stable": false,
    "prefer-lowest": false,
    "platform": [],
    "platform-dev": [],
    "plugin-api-version": "2.6.0"
}
